{
  "version": 1,
  "dependencies": {
    "net10.0-windows7.0": {
      "Microsoft.Xaml.Behaviors.Wpf": {
        "type": "Direct",
        "requested": "[1.1.142, )",
        "resolved": "1.1.142",
        "contentHash": "c47wA/8GHiQ9w+O6+mdqrZhZrxHogx2/fSZyRKL9tz0k+ypoTiwOx6fID0X3jr5LnCazJbCk7KiAcL0zVnNgNA=="
      }
    }
  }
}