{
  "version": 1,
  "dependencies": {
    "net10.0-windows7.0": {
      "CommunityToolkit.Mvvm": {
        "type": "Transitive",
        "resolved": "8.4.2",
        "contentHash": "WadCzGEc2U+3e20avRLng4qNtt4zoOGWrdUISqJWrHe3/FSnrYjuM5Sb4yQb09LhkBXrrI4Zt3dLKgRMbItsrg=="
      },
      "dcsb.input": {
        "type": "Project",
        "dependencies": {
          "DCSB.Utils": "[1.0.0, )"
        }
      },
      "dcsb.models": {
        "type": "Project",
        "dependencies": {
          "CommunityToolkit.Mvvm": "[8.4.2, )",
          "DCSB.Utils": "[1.0.0, )"
        }
      },
      "dcsb.utils": {
        "type": "Project"
      }
    }
  }
}